
Microsoft Visual Studio Solution File, Format Version 12.00
# Visual Studio Version 16
VisualStudioVersion = 16.0.32126.315
MinimumVisualStudioVersion = 10.0.40219.1
Project("{FAE04EC0-301F-11D3-BF4B-00C04F79EFBC}") = "Drawing Tool", "Drawing Tool.csproj", "{33F6D5BE-372E-4B66-B7EB-851C602CFD53}"
EndProject
Global
	GlobalSection(SolutionConfigurationPlatforms) = preSolution
		Debug|Any CPU = Debug|Any CPU
		Release|Any CPU = Release|Any CPU
	EndGlobalSection
	GlobalSection(ProjectConfigurationPlatforms) = postSolution
		{33F6D5BE-372E-4B66-B7EB-851C602CFD53}.Debug|Any CPU.ActiveCfg = Debug|Any CPU
		{33F6D5BE-372E-4B66-B7EB-851C602CFD53}.Debug|Any CPU.Build.0 = Debug|Any CPU
		{33F6D5BE-372E-4B66-B7EB-851C602CFD53}.Release|Any CPU.ActiveCfg = Release|Any CPU
		{33F6D5BE-372E-4B66-B7EB-851C602CFD53}.Release|Any CPU.Build.0 = Release|Any CPU
	EndGlobalSection
	GlobalSection(SolutionProperties) = preSolution
		HideSolutionNode = FALSE
	EndGlobalSection
	GlobalSection(ExtensibilityGlobals) = postSolution
		SolutionGuid = {5EC5E516-91AD-4324-9332-19603B48FE36}
	EndGlobalSection
EndGlobal
